
Microsoft Visual Studio Solution File, Format Version 12.00
# Visual Studio Version 17
VisualStudioVersion = 17.14.36518.9
MinimumVisualStudioVersion = 10.0.40219.1
Project("{8BC9CEB8-8B4A-11D0-8D11-00A0C91BC942}") = "Progrem", "Progrem.vcxproj", "{C4B3B4D9-F91A-4108-97B4-56F8719BA062}"
EndProject
Project("{8BC9CEB8-8B4A-11D0-8D11-00A0C91BC942}") = "Class1st (Single Linked List)", "..\Class1st (Single Linked List)\Class1st (Single Linked List).vcxproj", "{BCD60440-8D7D-45BF-AC4E-C944C8B80640}"
EndProject
Project("{8BC9CEB8-8B4A-11D0-8D11-00A0C91BC942}") = "Class2nd (Double Linked List)", "..\Class2nd (Double Linked List)\Class2nd (Double Linked List).vcxproj", "{73A8C616-04F5-447C-8843-EB7A41CF9A2F}"
EndProject
Project("{8BC9CEB8-8B4A-11D0-8D11-00A0C91BC942}") = "Class3th (Circle Linked List)", "..\Class3th (Circle Linked List)\Class3th (Circle Linked List).vcxproj", "{EEA66D5F-AFF8-4C8A-B3E7-01ED98587533}"
EndProject
Project("{8BC9CEB8-8B4A-11D0-8D11-00A0C91BC942}") = "Class4th (Vector)", "..\Class4th (Vector)\Class4th (Vector).vcxproj", "{FC98F895-DA51-4967-BCB8-F7FEB0CFBE19}"
EndProject
Project("{8BC9CEB8-8B4A-11D0-8D11-00A0C91BC942}") = "Class5th (Stack)", "..\Class5th (Stack)\Class5th (Stack).vcxproj", "{0F158F07-3148-4BD0-B7BD-09538AFF6D3B}"
EndProject
Project("{8BC9CEB8-8B4A-11D0-8D11-00A0C91BC942}") = "Class6th (Linear Queue)", "..\Class6th (Linear Queue)\Class6th (Linear Queue).vcxproj", "{E1C35E13-F99D-40F9-853F-87862A4BA3AA}"
EndProject
Project("{8BC9CEB8-8B4A-11D0-8D11-00A0C91BC942}") = "Class7th (Circle Queue)", "..\Class7th (Circle Queue)\Class7th (Circle Queue).vcxproj", "{927A9668-8431-4352-AA7B-459D12FD99C7}"
EndProject
Project("{8BC9CEB8-8B4A-11D0-8D11-00A0C91BC942}") = "Class8th (Priority Queue)", "..\Class8th (Priority Queue)\Class8th (Priority Queue).vcxproj", "{B6AF1D05-837E-4D35-8D7B-F988BA2BD859}"
EndProject
Global
	GlobalSection(SolutionConfigurationPlatforms) = preSolution
		Debug|x64 = Debug|x64
		Debug|x86 = Debug|x86
		Release|x64 = Release|x64
		Release|x86 = Release|x86
	EndGlobalSection
	GlobalSection(ProjectConfigurationPlatforms) = postSolution
		{C4B3B4D9-F91A-4108-97B4-56F8719BA062}.Debug|x64.ActiveCfg = Debug|x64
		{C4B3B4D9-F91A-4108-97B4-56F8719BA062}.Debug|x64.Build.0 = Debug|x64
		{C4B3B4D9-F91A-4108-97B4-56F8719BA062}.Debug|x86.ActiveCfg = Debug|Win32
		{C4B3B4D9-F91A-4108-97B4-56F8719BA062}.Debug|x86.Build.0 = Debug|Win32
		{C4B3B4D9-F91A-4108-97B4-56F8719BA062}.Release|x64.ActiveCfg = Release|x64
		{C4B3B4D9-F91A-4108-97B4-56F8719BA062}.Release|x64.Build.0 = Release|x64
		{C4B3B4D9-F91A-4108-97B4-56F8719BA062}.Release|x86.ActiveCfg = Release|Win32
		{C4B3B4D9-F91A-4108-97B4-56F8719BA062}.Release|x86.Build.0 = Release|Win32
		{BCD60440-8D7D-45BF-AC4E-C944C8B80640}.Debug|x64.ActiveCfg = Debug|x64
		{BCD60440-8D7D-45BF-AC4E-C944C8B80640}.Debug|x64.Build.0 = Debug|x64
		{BCD60440-8D7D-45BF-AC4E-C944C8B80640}.Debug|x86.ActiveCfg = Debug|Win32
		{BCD60440-8D7D-45BF-AC4E-C944C8B80640}.Debug|x86.Build.0 = Debug|Win32
		{BCD60440-8D7D-45BF-AC4E-C944C8B80640}.Release|x64.ActiveCfg = Release|x64
		{BCD60440-8D7D-45BF-AC4E-C944C8B80640}.Release|x64.Build.0 = Release|x64
		{BCD60440-8D7D-45BF-AC4E-C944C8B80640}.Release|x86.ActiveCfg = Release|Win32
		{BCD60440-8D7D-45BF-AC4E-C944C8B80640}.Release|x86.Build.0 = Release|Win32
		{73A8C616-04F5-447C-8843-EB7A41CF9A2F}.Debug|x64.ActiveCfg = Debug|x64
		{73A8C616-04F5-447C-8843-EB7A41CF9A2F}.Debug|x64.Build.0 = Debug|x64
		{73A8C616-04F5-447C-8843-EB7A41CF9A2F}.Debug|x86.ActiveCfg = Debug|Win32
		{73A8C616-04F5-447C-8843-EB7A41CF9A2F}.Debug|x86.Build.0 = Debug|Win32
		{73A8C616-04F5-447C-8843-EB7A41CF9A2F}.Release|x64.ActiveCfg = Release|x64
		{73A8C616-04F5-447C-8843-EB7A41CF9A2F}.Release|x64.Build.0 = Release|x64
		{73A8C616-04F5-447C-8843-EB7A41CF9A2F}.Release|x86.ActiveCfg = Release|Win32
		{73A8C616-04F5-447C-8843-EB7A41CF9A2F}.Release|x86.Build.0 = Release|Win32
		{EEA66D5F-AFF8-4C8A-B3E7-01ED98587533}.Debug|x64.ActiveCfg = Debug|x64
		{EEA66D5F-AFF8-4C8A-B3E7-01ED98587533}.Debug|x64.Build.0 = Debug|x64
		{EEA66D5F-AFF8-4C8A-B3E7-01ED98587533}.Debug|x86.ActiveCfg = Debug|Win32
		{EEA66D5F-AFF8-4C8A-B3E7-01ED98587533}.Debug|x86.Build.0 = Debug|Win32
		{EEA66D5F-AFF8-4C8A-B3E7-01ED98587533}.Release|x64.ActiveCfg = Release|x64
		{EEA66D5F-AFF8-4C8A-B3E7-01ED98587533}.Release|x64.Build.0 = Release|x64
		{EEA66D5F-AFF8-4C8A-B3E7-01ED98587533}.Release|x86.ActiveCfg = Release|Win32
		{EEA66D5F-AFF8-4C8A-B3E7-01ED98587533}.Release|x86.Build.0 = Release|Win32
		{FC98F895-DA51-4967-BCB8-F7FEB0CFBE19}.Debug|x64.ActiveCfg = Debug|x64
		{FC98F895-DA51-4967-BCB8-F7FEB0CFBE19}.Debug|x64.Build.0 = Debug|x64
		{FC98F895-DA51-4967-BCB8-F7FEB0CFBE19}.Debug|x86.ActiveCfg = Debug|Win32
		{FC98F895-DA51-4967-BCB8-F7FEB0CFBE19}.Debug|x86.Build.0 = Debug|Win32
		{FC98F895-DA51-4967-BCB8-F7FEB0CFBE19}.Release|x64.ActiveCfg = Release|x64
		{FC98F895-DA51-4967-BCB8-F7FEB0CFBE19}.Release|x64.Build.0 = Release|x64
		{FC98F895-DA51-4967-BCB8-F7FEB0CFBE19}.Release|x86.ActiveCfg = Release|Win32
		{FC98F895-DA51-4967-BCB8-F7FEB0CFBE19}.Release|x86.Build.0 = Release|Win32
		{0F158F07-3148-4BD0-B7BD-09538AFF6D3B}.Debug|x64.ActiveCfg = Debug|x64
		{0F158F07-3148-4BD0-B7BD-09538AFF6D3B}.Debug|x64.Build.0 = Debug|x64
		{0F158F07-3148-4BD0-B7BD-09538AFF6D3B}.Debug|x86.ActiveCfg = Debug|Win32
		{0F158F07-3148-4BD0-B7BD-09538AFF6D3B}.Debug|x86.Build.0 = Debug|Win32
		{0F158F07-3148-4BD0-B7BD-09538AFF6D3B}.Release|x64.ActiveCfg = Release|x64
		{0F158F07-3148-4BD0-B7BD-09538AFF6D3B}.Release|x64.Build.0 = Release|x64
		{0F158F07-3148-4BD0-B7BD-09538AFF6D3B}.Release|x86.ActiveCfg = Release|Win32
		{0F158F07-3148-4BD0-B7BD-09538AFF6D3B}.Release|x86.Build.0 = Release|Win32
		{E1C35E13-F99D-40F9-853F-87862A4BA3AA}.Debug|x64.ActiveCfg = Debug|x64
		{E1C35E13-F99D-40F9-853F-87862A4BA3AA}.Debug|x64.Build.0 = Debug|x64
		{E1C35E13-F99D-40F9-853F-87862A4BA3AA}.Debug|x86.ActiveCfg = Debug|Win32
		{E1C35E13-F99D-40F9-853F-87862A4BA3AA}.Debug|x86.Build.0 = Debug|Win32
		{E1C35E13-F99D-40F9-853F-87862A4BA3AA}.Release|x64.ActiveCfg = Release|x64
		{E1C35E13-F99D-40F9-853F-87862A4BA3AA}.Release|x64.Build.0 = Release|x64
		{E1C35E13-F99D-40F9-853F-87862A4BA3AA}.Release|x86.ActiveCfg = Release|Win32
		{E1C35E13-F99D-40F9-853F-87862A4BA3AA}.Release|x86.Build.0 = Release|Win32
		{927A9668-8431-4352-AA7B-459D12FD99C7}.Debug|x64.ActiveCfg = Debug|x64
		{927A9668-8431-4352-AA7B-459D12FD99C7}.Debug|x64.Build.0 = Debug|x64
		{927A9668-8431-4352-AA7B-459D12FD99C7}.Debug|x86.ActiveCfg = Debug|Win32
		{927A9668-8431-4352-AA7B-459D12FD99C7}.Debug|x86.Build.0 = Debug|Win32
		{927A9668-8431-4352-AA7B-459D12FD99C7}.Release|x64.ActiveCfg = Release|x64
		{927A9668-8431-4352-AA7B-459D12FD99C7}.Release|x64.Build.0 = Release|x64
		{927A9668-8431-4352-AA7B-459D12FD99C7}.Release|x86.ActiveCfg = Release|Win32
		{927A9668-8431-4352-AA7B-459D12FD99C7}.Release|x86.Build.0 = Release|Win32
		{B6AF1D05-837E-4D35-8D7B-F988BA2BD859}.Debug|x64.ActiveCfg = Debug|x64
		{B6AF1D05-837E-4D35-8D7B-F988BA2BD859}.Debug|x64.Build.0 = Debug|x64
		{B6AF1D05-837E-4D35-8D7B-F988BA2BD859}.Debug|x86.ActiveCfg = Debug|Win32
		{B6AF1D05-837E-4D35-8D7B-F988BA2BD859}.Debug|x86.Build.0 = Debug|Win32
		{B6AF1D05-837E-4D35-8D7B-F988BA2BD859}.Release|x64.ActiveCfg = Release|x64
		{B6AF1D05-837E-4D35-8D7B-F988BA2BD859}.Release|x64.Build.0 = Release|x64
		{B6AF1D05-837E-4D35-8D7B-F988BA2BD859}.Release|x86.ActiveCfg = Release|Win32
		{B6AF1D05-837E-4D35-8D7B-F988BA2BD859}.Release|x86.Build.0 = Release|Win32
	EndGlobalSection
	GlobalSection(SolutionProperties) = preSolution
		HideSolutionNode = FALSE
	EndGlobalSection
	GlobalSection(ExtensibilityGlobals) = postSolution
		SolutionGuid = {F0D81E7C-45EC-4682-B1FE-D27622E68576}
	EndGlobalSection
EndGlobal
